
Microsoft Visual Studio Solution File, Format Version 12.00
# Visual Studio Version 17
VisualStudioVersion = 17.13.35818.85 d17.13
MinimumVisualStudioVersion = 10.0.40219.1
Project("{FAE04EC0-301F-11D3-BF4B-00C04F79EFBC}") = "BookApp", "BookApp\BookApp.csproj", "{D269B5F8-9292-4430-8AE9-C9CCF1CF87DA}"
EndProject
Global
	GlobalSection(SolutionConfigurationPlatforms) = preSolution
		Debug|Any CPU = Debug|Any CPU
		Release|Any CPU = Release|Any CPU
	EndGlobalSection
	GlobalSection(ProjectConfigurationPlatforms) = postSolution
		{D269B5F8-9292-4430-8AE9-C9CCF1CF87DA}.Debug|Any CPU.ActiveCfg = Debug|Any CPU
		{D269B5F8-9292-4430-8AE9-C9CCF1CF87DA}.Debug|Any CPU.Build.0 = Debug|Any CPU
		{D269B5F8-9292-4430-8AE9-C9CCF1CF87DA}.Release|Any CPU.ActiveCfg = Release|Any CPU
		{D269B5F8-9292-4430-8AE9-C9CCF1CF87DA}.Release|Any CPU.Build.0 = Release|Any CPU
	EndGlobalSection
	GlobalSection(SolutionProperties) = preSolution
		HideSolutionNode = FALSE
	EndGlobalSection
	GlobalSection(ExtensibilityGlobals) = postSolution
		SolutionGuid = {7B7C2CE0-37DE-4061-9655-09A6B19E0D4A}
	EndGlobalSection
EndGlobal
